
Microsoft Visual Studio Solution File, Format Version 12.00
# Visual Studio 15
VisualStudioVersion = 15.0.28307.1433
MinimumVisualStudioVersion = 10.0.40219.1
Project("{8BC9CEB8-8B4A-11D0-8D11-00A0C91BC942}") = "Anderson_CS307_Project1", "CS307Project1.vcxproj", "{638EDB91-BE0E-4262-972B-0DCABC3E39F9}"
EndProject
Project("{2150E333-8FDC-42A3-9474-1A3956D46DE8}") = "Solution Items", "Solution Items", "{D266F993-E649-4A24-BBF3-9C03DFD09BD3}"
EndProject
Global
	GlobalSection(SolutionConfigurationPlatforms) = preSolution
		Debug|x64 = Debug|x64
		Debug|x86 = Debug|x86
		Release|x64 = Release|x64
		Release|x86 = Release|x86
	EndGlobalSection
	GlobalSection(ProjectConfigurationPlatforms) = postSolution
		{638EDB91-BE0E-4262-972B-0DCABC3E39F9}.Debug|x64.ActiveCfg = Debug|x64
		{638EDB91-BE0E-4262-972B-0DCABC3E39F9}.Debug|x64.Build.0 = Debug|x64
		{638EDB91-BE0E-4262-972B-0DCABC3E39F9}.Debug|x86.ActiveCfg = Debug|Win32
		{638EDB91-BE0E-4262-972B-0DCABC3E39F9}.Debug|x86.Build.0 = Debug|Win32
		{638EDB91-BE0E-4262-972B-0DCABC3E39F9}.Release|x64.ActiveCfg = Release|x64
		{638EDB91-BE0E-4262-972B-0DCABC3E39F9}.Release|x64.Build.0 = Release|x64
		{638EDB91-BE0E-4262-972B-0DCABC3E39F9}.Release|x86.ActiveCfg = Release|Win32
		{638EDB91-BE0E-4262-972B-0DCABC3E39F9}.Release|x86.Build.0 = Release|Win32
	EndGlobalSection
	GlobalSection(SolutionProperties) = preSolution
		HideSolutionNode = FALSE
	EndGlobalSection
	GlobalSection(ExtensibilityGlobals) = postSolution
		SolutionGuid = {62255082-AB11-452D-A934-D4AAB60A9721}
	EndGlobalSection
EndGlobal
